// !$*UTF8*$!
{
	archiveVersion = 1;
	classes = {
	};
	objectVersion = 56;
	objects = {

/* Begin PBXBuildFile section */
		217519DD2B71049E00C06FB3 /* AppDelegate.swift in Sources */ = {isa = PBXBuildFile; fileRef = 217519DC2B71049E00C06FB3 /* AppDelegate.swift */; };
		217519DF2B71049E00C06FB3 /* SceneDelegate.swift in Sources */ = {isa = PBXBuildFile; fileRef = 217519DE2B71049E00C06FB3 /* SceneDelegate.swift */; };
		217519E12B71049E00C06FB3 /* CatalogViewController.swift in Sources */ = {isa = PBXBuildFile; fileRef = 217519E02B71049E00C06FB3 /* CatalogViewController.swift */; };
		217519E62B7104A000C06FB3 /* Assets.xcassets in Resources */ = {isa = PBXBuildFile; fileRef = 217519E52B7104A000C06FB3 /* Assets.xcassets */; };
		217519E92B7104A000C06FB3 /* LaunchScreen.storyboard in Resources */ = {isa = PBXBuildFile; fileRef = 217519E72B7104A000C06FB3 /* LaunchScreen.storyboard */; };
		21A8B0CF2B7CD789003156B5 /* ChoosingShoesViewController.swift in Sources */ = {isa = PBXBuildFile; fileRef = 21A8B0CE2B7CD789003156B5 /* ChoosingShoesViewController.swift */; };
		21A8B0D12B7CD7DA003156B5 /* ProfileViewController.swift in Sources */ = {isa = PBXBuildFile; fileRef = 21A8B0D02B7CD7DA003156B5 /* ProfileViewController.swift */; };
		21A8B0D32B7CE298003156B5 /* InformationAboutPersonViewController.swift in Sources */ = {isa = PBXBuildFile; fileRef = 21A8B0D22B7CE298003156B5 /* InformationAboutPersonViewController.swift */; };
		21A8B0D52B7CE369003156B5 /* BasketViewController.swift in Sources */ = {isa = PBXBuildFile; fileRef = 21A8B0D42B7CE369003156B5 /* BasketViewController.swift */; };
		21A8B0D72B7CE405003156B5 /* TabBarViewController.swift in Sources */ = {isa = PBXBuildFile; fileRef = 21A8B0D62B7CE405003156B5 /* TabBarViewController.swift */; };
		21A8B0DC2B7D168A003156B5 /* Verdana.ttf in Resources */ = {isa = PBXBuildFile; fileRef = 21A8B0DA2B7D168A003156B5 /* Verdana.ttf */; };
		21A8B0DD2B7D168A003156B5 /* Verdana-Bold.ttf in Resources */ = {isa = PBXBuildFile; fileRef = 21A8B0DB2B7D168A003156B5 /* Verdana-Bold.ttf */; };
		21A8B0E32B7D5574003156B5 /* CustomRoundShadowImageView.swift in Sources */ = {isa = PBXBuildFile; fileRef = 21A8B0E22B7D5574003156B5 /* CustomRoundShadowImageView.swift */; };
		21A8B0E52B7D64F2003156B5 /* ViewCatalog.swift in Sources */ = {isa = PBXBuildFile; fileRef = 21A8B0E42B7D64F2003156B5 /* ViewCatalog.swift */; };
		21C0852B2B7E19E800D48833 /* ProductView.swift in Sources */ = {isa = PBXBuildFile; fileRef = 21C0852A2B7E19E800D48833 /* ProductView.swift */; };
		21C085302B7E864600D48833 /* ChoosingSizeViewController.swift in Sources */ = {isa = PBXBuildFile; fileRef = 21C0852F2B7E864600D48833 /* ChoosingSizeViewController.swift */; };
		21C085372B7EE59D00D48833 /* InformationAboutShoes.swift in Sources */ = {isa = PBXBuildFile; fileRef = 21C085362B7EE59D00D48833 /* InformationAboutShoes.swift */; };
/* End PBXBuildFile section */

/* Begin PBXFileReference section */
		217519D92B71049E00C06FB3 /* Tasks.app */ = {isa = PBXFileReference; explicitFileType = wrapper.application; includeInIndex = 0; path = Tasks.app; sourceTree = BUILT_PRODUCTS_DIR; };
		217519DC2B71049E00C06FB3 /* AppDelegate.swift */ = {isa = PBXFileReference; lastKnownFileType = sourcecode.swift; path = AppDelegate.swift; sourceTree = "<group>"; };
		217519DE2B71049E00C06FB3 /* SceneDelegate.swift */ = {isa = PBXFileReference; lastKnownFileType = sourcecode.swift; path = SceneDelegate.swift; sourceTree = "<group>"; };
		217519E02B71049E00C06FB3 /* CatalogViewController.swift */ = {isa = PBXFileReference; lastKnownFileType = sourcecode.swift; path = CatalogViewController.swift; sourceTree = "<group>"; };
		217519E52B7104A000C06FB3 /* Assets.xcassets */ = {isa = PBXFileReference; lastKnownFileType = folder.assetcatalog; path = Assets.xcassets; sourceTree = "<group>"; };
		217519E82B7104A000C06FB3 /* Base */ = {isa = PBXFileReference; lastKnownFileType = file.storyboard; name = Base; path = Base.lproj/LaunchScreen.storyboard; sourceTree = "<group>"; };
		217519EA2B7104A000C06FB3 /* Info.plist */ = {isa = PBXFileReference; lastKnownFileType = text.plist.xml; path = Info.plist; sourceTree = "<group>"; };
		21A8B0CE2B7CD789003156B5 /* ChoosingShoesViewController.swift */ = {isa = PBXFileReference; lastKnownFileType = sourcecode.swift; path = ChoosingShoesViewController.swift; sourceTree = "<group>"; };
		21A8B0D02B7CD7DA003156B5 /* ProfileViewController.swift */ = {isa = PBXFileReference; lastKnownFileType = sourcecode.swift; path = ProfileViewController.swift; sourceTree = "<group>"; };
		21A8B0D22B7CE298003156B5 /* InformationAboutPersonViewController.swift */ = {isa = PBXFileReference; lastKnownFileType = sourcecode.swift; path = InformationAboutPersonViewController.swift; sourceTree = "<group>"; };
		21A8B0D42B7CE369003156B5 /* BasketViewController.swift */ = {isa = PBXFileReference; lastKnownFileType = sourcecode.swift; path = BasketViewController.swift; sourceTree = "<group>"; };
		21A8B0D62B7CE405003156B5 /* TabBarViewController.swift */ = {isa = PBXFileReference; lastKnownFileType = sourcecode.swift; path = TabBarViewController.swift; sourceTree = "<group>"; };
		21A8B0DA2B7D168A003156B5 /* Verdana.ttf */ = {isa = PBXFileReference; lastKnownFileType = file; path = Verdana.ttf; sourceTree = "<group>"; };
		21A8B0DB2B7D168A003156B5 /* Verdana-Bold.ttf */ = {isa = PBXFileReference; lastKnownFileType = file; path = "Verdana-Bold.ttf"; sourceTree = "<group>"; };
		21A8B0E22B7D5574003156B5 /* CustomRoundShadowImageView.swift */ = {isa = PBXFileReference; lastKnownFileType = sourcecode.swift; path = CustomRoundShadowImageView.swift; sourceTree = "<group>"; };
		21A8B0E42B7D64F2003156B5 /* ViewCatalog.swift */ = {isa = PBXFileReference; lastKnownFileType = sourcecode.swift; path = ViewCatalog.swift; sourceTree = "<group>"; };
		21C0852A2B7E19E800D48833 /* ProductView.swift */ = {isa = PBXFileReference; lastKnownFileType = sourcecode.swift; path = ProductView.swift; sourceTree = "<group>"; };
		21C0852F2B7E864600D48833 /* ChoosingSizeViewController.swift */ = {isa = PBXFileReference; lastKnownFileType = sourcecode.swift; path = ChoosingSizeViewController.swift; sourceTree = "<group>"; };
		21C085362B7EE59D00D48833 /* InformationAboutShoes.swift */ = {isa = PBXFileReference; lastKnownFileType = sourcecode.swift; path = InformationAboutShoes.swift; sourceTree = "<group>"; };
/* End PBXFileReference section */

/* Begin PBXFrameworksBuildPhase section */
		217519D62B71049E00C06FB3 /* Frameworks */ = {
			isa = PBXFrameworksBuildPhase;
			buildActionMask = 2147483647;
			files = (
			);
			runOnlyForDeploymentPostprocessing = 0;
		};
/* End PBXFrameworksBuildPhase section */

/* Begin PBXGroup section */
		21214ED22B81222A00D4AC56 /* Profile */ = {
			isa = PBXGroup;
			children = (
				21A8B0D02B7CD7DA003156B5 /* ProfileViewController.swift */,
			);
			path = Profile;
			sourceTree = "<group>";
		};
		21214ED32B81225200D4AC56 /* InformationAboutPerson */ = {
			isa = PBXGroup;
			children = (
				21A8B0D22B7CE298003156B5 /* InformationAboutPersonViewController.swift */,
			);
			path = InformationAboutPerson;
			sourceTree = "<group>";
		};
		21214ED42B81288300D4AC56 /* Basket */ = {
			isa = PBXGroup;
			children = (
				21A8B0D42B7CE369003156B5 /* BasketViewController.swift */,
			);
			path = Basket;
			sourceTree = "<group>";
		};
		217519D02B71049E00C06FB3 = {
			isa = PBXGroup;
			children = (
				217519DB2B71049E00C06FB3 /* Tasks */,
				217519DA2B71049E00C06FB3 /* Products */,
			);
			sourceTree = "<group>";
		};
		217519DA2B71049E00C06FB3 /* Products */ = {
			isa = PBXGroup;
			children = (
				217519D92B71049E00C06FB3 /* Tasks.app */,
			);
			name = Products;
			sourceTree = "<group>";
		};
		217519DB2B71049E00C06FB3 /* Tasks */ = {
			isa = PBXGroup;
			children = (
				21A8B0D82B7CE40B003156B5 /* Setting */,
				21A8B0DE2B7D4714003156B5 /* TabBar */,
				21A8B0E12B7D47A7003156B5 /* Catalog */,
				21C0852C2B7E19FC00D48833 /* ChoosingShoes */,
				21C085312B7E869200D48833 /* ChoosingSize */,
				21214ED22B81222A00D4AC56 /* Profile */,
				21214ED32B81225200D4AC56 /* InformationAboutPerson */,
				21214ED42B81288300D4AC56 /* Basket */,
				21A8B0D92B7D1603003156B5 /* Font */,
				217519E52B7104A000C06FB3 /* Assets.xcassets */,
				217519E72B7104A000C06FB3 /* LaunchScreen.storyboard */,
				217519EA2B7104A000C06FB3 /* Info.plist */,
			);
			path = Tasks;
			sourceTree = "<group>";
		};
		21A8B0D82B7CE40B003156B5 /* Setting */ = {
			isa = PBXGroup;
			children = (
				217519DC2B71049E00C06FB3 /* AppDelegate.swift */,
				217519DE2B71049E00C06FB3 /* SceneDelegate.swift */,
			);
			path = Setting;
			sourceTree = "<group>";
		};
		21A8B0D92B7D1603003156B5 /* Font */ = {
			isa = PBXGroup;
			children = (
				21A8B0DB2B7D168A003156B5 /* Verdana-Bold.ttf */,
				21A8B0DA2B7D168A003156B5 /* Verdana.ttf */,
			);
			path = Font;
			sourceTree = "<group>";
		};
		21A8B0DE2B7D4714003156B5 /* TabBar */ = {
			isa = PBXGroup;
			children = (
				21A8B0D62B7CE405003156B5 /* TabBarViewController.swift */,
			);
			path = TabBar;
			sourceTree = "<group>";
		};
		21A8B0E12B7D47A7003156B5 /* Catalog */ = {
			isa = PBXGroup;
			children = (
				217519E02B71049E00C06FB3 /* CatalogViewController.swift */,
				21A8B0E42B7D64F2003156B5 /* ViewCatalog.swift */,
				21A8B0E22B7D5574003156B5 /* CustomRoundShadowImageView.swift */,
			);
			path = Catalog;
			sourceTree = "<group>";
		};
		21C0852C2B7E19FC00D48833 /* ChoosingShoes */ = {
			isa = PBXGroup;
			children = (
				21A8B0CE2B7CD789003156B5 /* ChoosingShoesViewController.swift */,
				21C0852A2B7E19E800D48833 /* ProductView.swift */,
			);
			path = ChoosingShoes;
			sourceTree = "<group>";
		};
		21C085312B7E869200D48833 /* ChoosingSize */ = {
			isa = PBXGroup;
			children = (
				21C0852F2B7E864600D48833 /* ChoosingSizeViewController.swift */,
				21C085362B7EE59D00D48833 /* InformationAboutShoes.swift */,
			);
			path = ChoosingSize;
			sourceTree = "<group>";
		};
/* End PBXGroup section */

/* Begin PBXNativeTarget section */
		217519D82B71049E00C06FB3 /* Tasks */ = {
			isa = PBXNativeTarget;
			buildConfigurationList = 217519ED2B7104A000C06FB3 /* Build configuration list for PBXNativeTarget "Tasks" */;
			buildPhases = (
				2169D8742B71882800F00AFA /* SwiftFormat */,
				210093E02B7164D800825A71 /* SwiftLint */,
				217519D52B71049E00C06FB3 /* Sources */,
				217519D62B71049E00C06FB3 /* Frameworks */,
				217519D72B71049E00C06FB3 /* Resources */,
			);
			buildRules = (
			);
			dependencies = (
			);
			name = Tasks;
			productName = UIKit;
			productReference = 217519D92B71049E00C06FB3 /* Tasks.app */;
			productType = "com.apple.product-type.application";
		};
/* End PBXNativeTarget section */

/* Begin PBXProject section */
		217519D12B71049E00C06FB3 /* Project object */ = {
			isa = PBXProject;
			attributes = {
				BuildIndependentTargetsInParallel = 1;
				LastSwiftUpdateCheck = 1510;
				LastUpgradeCheck = 1510;
				TargetAttributes = {
					217519D82B71049E00C06FB3 = {
						CreatedOnToolsVersion = 15.1;
					};
				};
			};
			buildConfigurationList = 217519D42B71049E00C06FB3 /* Build configuration list for PBXProject "Tasks" */;
			compatibilityVersion = "Xcode 14.0";
			developmentRegion = en;
			hasScannedForEncodings = 0;
			knownRegions = (
				en,
				Base,
			);
			mainGroup = 217519D02B71049E00C06FB3;
			productRefGroup = 217519DA2B71049E00C06FB3 /* Products */;
			projectDirPath = "";
			projectRoot = "";
			targets = (
				217519D82B71049E00C06FB3 /* Tasks */,
			);
		};
/* End PBXProject section */

/* Begin PBXResourcesBuildPhase section */
		217519D72B71049E00C06FB3 /* Resources */ = {
			isa = PBXResourcesBuildPhase;
			buildActionMask = 2147483647;
			files = (
				217519E92B7104A000C06FB3 /* LaunchScreen.storyboard in Resources */,
				217519E62B7104A000C06FB3 /* Assets.xcassets in Resources */,
				21A8B0DC2B7D168A003156B5 /* Verdana.ttf in Resources */,
				21A8B0DD2B7D168A003156B5 /* Verdana-Bold.ttf in Resources */,
			);
			runOnlyForDeploymentPostprocessing = 0;
		};
/* End PBXResourcesBuildPhase section */

/* Begin PBXShellScriptBuildPhase section */
		210093E02B7164D800825A71 /* SwiftLint */ = {
			isa = PBXShellScriptBuildPhase;
			alwaysOutOfDate = 1;
			buildActionMask = 2147483647;
			files = (
			);
			inputFileListPaths = (
			);
			inputPaths = (
			);
			name = SwiftLint;
			outputFileListPaths = (
			);
			outputPaths = (
			);
			runOnlyForDeploymentPostprocessing = 0;
			shellPath = /bin/sh;
			shellScript = "if [[ \"$(uname -m)\" == arm64 ]]; then\n    export PATH=\"/opt/homebrew/bin:$PATH\"\nfi\n\nif which swiftlint > /dev/null; then\n  swiftlint\nelse\n  echo \"warning: SwiftLint not installed, download from https://github.com/realm/SwiftLint\"\nfi\n";
		};
		2169D8742B71882800F00AFA /* SwiftFormat */ = {
			isa = PBXShellScriptBuildPhase;
			alwaysOutOfDate = 1;
			buildActionMask = 2147483647;
			files = (
			);
			inputFileListPaths = (
			);
			inputPaths = (
			);
			name = SwiftFormat;
			outputFileListPaths = (
			);
			outputPaths = (
			);
			runOnlyForDeploymentPostprocessing = 0;
			shellPath = /bin/sh;
			shellScript = "if [[ \"$(uname -m)\" == arm64 ]]; then\n    export PATH=\"/opt/homebrew/bin:$PATH\"\nfi\n\nif which swiftformat > /dev/null; then\n  swiftformat .\nelse\n  echo \"warning: SwiftFormat not installed, download from https://github.com/nicklockwood/SwiftFormat\"\nfi\n";
		};
/* End PBXShellScriptBuildPhase section */

/* Begin PBXSourcesBuildPhase section */
		217519D52B71049E00C06FB3 /* Sources */ = {
			isa = PBXSourcesBuildPhase;
			buildActionMask = 2147483647;
			files = (
				21C085372B7EE59D00D48833 /* InformationAboutShoes.swift in Sources */,
				21A8B0D12B7CD7DA003156B5 /* ProfileViewController.swift in Sources */,
				21C085302B7E864600D48833 /* ChoosingSizeViewController.swift in Sources */,
				217519E12B71049E00C06FB3 /* CatalogViewController.swift in Sources */,
				217519DD2B71049E00C06FB3 /* AppDelegate.swift in Sources */,
				21A8B0E52B7D64F2003156B5 /* ViewCatalog.swift in Sources */,
				21A8B0D72B7CE405003156B5 /* TabBarViewController.swift in Sources */,
				217519DF2B71049E00C06FB3 /* SceneDelegate.swift in Sources */,
				21A8B0CF2B7CD789003156B5 /* ChoosingShoesViewController.swift in Sources */,
				21A8B0E32B7D5574003156B5 /* CustomRoundShadowImageView.swift in Sources */,
				21A8B0D52B7CE369003156B5 /* BasketViewController.swift in Sources */,
				21C0852B2B7E19E800D48833 /* ProductView.swift in Sources */,
				21A8B0D32B7CE298003156B5 /* InformationAboutPersonViewController.swift in Sources */,
			);
			runOnlyForDeploymentPostprocessing = 0;
		};
/* End PBXSourcesBuildPhase section */

/* Begin PBXVariantGroup section */
		217519E72B7104A000C06FB3 /* LaunchScreen.storyboard */ = {
			isa = PBXVariantGroup;
			children = (
				217519E82B7104A000C06FB3 /* Base */,
			);
			name = LaunchScreen.storyboard;
			sourceTree = "<group>";
		};
/* End PBXVariantGroup section */

/* Begin XCBuildConfiguration section */
		217519EB2B7104A000C06FB3 /* Debug */ = {
			isa = XCBuildConfiguration;
			buildSettings = {
				ALWAYS_SEARCH_USER_PATHS = NO;
				ASSETCATALOG_COMPILER_GENERATE_SWIFT_ASSET_SYMBOL_EXTENSIONS = YES;
				CLANG_ANALYZER_NONNULL = YES;
				CLANG_ANALYZER_NUMBER_OBJECT_CONVERSION = YES_AGGRESSIVE;
				CLANG_CXX_LANGUAGE_STANDARD = "gnu++20";
				CLANG_ENABLE_MODULES = YES;
				CLANG_ENABLE_OBJC_ARC = YES;
				CLANG_ENABLE_OBJC_WEAK = YES;
				CLANG_WARN_BLOCK_CAPTURE_AUTORELEASING = YES;
				CLANG_WARN_BOOL_CONVERSION = YES;
				CLANG_WARN_COMMA = YES;
				CLANG_WARN_CONSTANT_CONVERSION = YES;
				CLANG_WARN_DEPRECATED_OBJC_IMPLEMENTATIONS = YES;
				CLANG_WARN_DIRECT_OBJC_ISA_USAGE = YES_ERROR;
				CLANG_WARN_DOCUMENTATION_COMMENTS = YES;
				CLANG_WARN_EMPTY_BODY = YES;
				CLANG_WARN_ENUM_CONVERSION = YES;
				CLANG_WARN_INFINITE_RECURSION = YES;
				CLANG_WARN_INT_CONVERSION = YES;
				CLANG_WARN_NON_LITERAL_NULL_CONVERSION = YES;
				CLANG_WARN_OBJC_IMPLICIT_RETAIN_SELF = YES;
				CLANG_WARN_OBJC_LITERAL_CONVERSION = YES;
				CLANG_WARN_OBJC_ROOT_CLASS = YES_ERROR;
				CLANG_WARN_QUOTED_INCLUDE_IN_FRAMEWORK_HEADER = YES;
				CLANG_WARN_RANGE_LOOP_ANALYSIS = YES;
				CLANG_WARN_STRICT_PROTOTYPES = YES;
				CLANG_WARN_SUSPICIOUS_MOVE = YES;
				CLANG_WARN_UNGUARDED_AVAILABILITY = YES_AGGRESSIVE;
				CLANG_WARN_UNREACHABLE_CODE = YES;
				CLANG_WARN__DUPLICATE_METHOD_MATCH = YES;
				COPY_PHASE_STRIP = NO;
				DEBUG_INFORMATION_FORMAT = dwarf;
				ENABLE_STRICT_OBJC_MSGSEND = YES;
				ENABLE_TESTABILITY = YES;
				ENABLE_USER_SCRIPT_SANDBOXING = YES;
				GCC_C_LANGUAGE_STANDARD = gnu17;
				GCC_DYNAMIC_NO_PIC = NO;
				GCC_NO_COMMON_BLOCKS = YES;
				GCC_OPTIMIZATION_LEVEL = 0;
				GCC_PREPROCESSOR_DEFINITIONS = (
					"DEBUG=1",
					"$(inherited)",
				);
				GCC_WARN_64_TO_32_BIT_CONVERSION = YES;
				GCC_WARN_ABOUT_RETURN_TYPE = YES_ERROR;
				GCC_WARN_UNDECLARED_SELECTOR = YES;
				GCC_WARN_UNINITIALIZED_AUTOS = YES_AGGRESSIVE;
				GCC_WARN_UNUSED_FUNCTION = YES;
				GCC_WARN_UNUSED_VARIABLE = YES;
				IPHONEOS_DEPLOYMENT_TARGET = 17.2;
				LOCALIZATION_PREFERS_STRING_CATALOGS = YES;
				MTL_ENABLE_DEBUG_INFO = INCLUDE_SOURCE;
				MTL_FAST_MATH = YES;
				ONLY_ACTIVE_ARCH = YES;
				SDKROOT = iphoneos;
				SWIFT_ACTIVE_COMPILATION_CONDITIONS = "DEBUG $(inherited)";
				SWIFT_OPTIMIZATION_LEVEL = "-Onone";
			};
			name = Debug;
		};
		217519EC2B7104A000C06FB3 /* Release */ = {
			isa = XCBuildConfiguration;
			buildSettings = {
				ALWAYS_SEARCH_USER_PATHS = NO;
				ASSETCATALOG_COMPILER_GENERATE_SWIFT_ASSET_SYMBOL_EXTENSIONS = YES;
				CLANG_ANALYZER_NONNULL = YES;
				CLANG_ANALYZER_NUMBER_OBJECT_CONVERSION = YES_AGGRESSIVE;
				CLANG_CXX_LANGUAGE_STANDARD = "gnu++20";
				CLANG_ENABLE_MODULES = YES;
				CLANG_ENABLE_OBJC_ARC = YES;
				CLANG_ENABLE_OBJC_WEAK = YES;
				CLANG_WARN_BLOCK_CAPTURE_AUTORELEASING = YES;
				CLANG_WARN_BOOL_CONVERSION = YES;
				CLANG_WARN_COMMA = YES;
				CLANG_WARN_CONSTANT_CONVERSION = YES;
				CLANG_WARN_DEPRECATED_OBJC_IMPLEMENTATIONS = YES;
				CLANG_WARN_DIRECT_OBJC_ISA_USAGE = YES_ERROR;
				CLANG_WARN_DOCUMENTATION_COMMENTS = YES;
				CLANG_WARN_EMPTY_BODY = YES;
				CLANG_WARN_ENUM_CONVERSION = YES;
				CLANG_WARN_INFINITE_RECURSION = YES;
				CLANG_WARN_INT_CONVERSION = YES;
				CLANG_WARN_NON_LITERAL_NULL_CONVERSION = YES;
				CLANG_WARN_OBJC_IMPLICIT_RETAIN_SELF = YES;
				CLANG_WARN_OBJC_LITERAL_CONVERSION = YES;
				CLANG_WARN_OBJC_ROOT_CLASS = YES_ERROR;
				CLANG_WARN_QUOTED_INCLUDE_IN_FRAMEWORK_HEADER = YES;
				CLANG_WARN_RANGE_LOOP_ANALYSIS = YES;
				CLANG_WARN_STRICT_PROTOTYPES = YES;
				CLANG_WARN_SUSPICIOUS_MOVE = YES;
				CLANG_WARN_UNGUARDED_AVAILABILITY = YES_AGGRESSIVE;
				CLANG_WARN_UNREACHABLE_CODE = YES;
				CLANG_WARN__DUPLICATE_METHOD_MATCH = YES;
				COPY_PHASE_STRIP = NO;
				DEBUG_INFORMATION_FORMAT = "dwarf-with-dsym";
				ENABLE_NS_ASSERTIONS = NO;
				ENABLE_STRICT_OBJC_MSGSEND = YES;
				ENABLE_USER_SCRIPT_SANDBOXING = YES;
				GCC_C_LANGUAGE_STANDARD = gnu17;
				GCC_NO_COMMON_BLOCKS = YES;
				GCC_WARN_64_TO_32_BIT_CONVERSION = YES;
				GCC_WARN_ABOUT_RETURN_TYPE = YES_ERROR;
				GCC_WARN_UNDECLARED_SELECTOR = YES;
				GCC_WARN_UNINITIALIZED_AUTOS = YES_AGGRESSIVE;
				GCC_WARN_UNUSED_FUNCTION = YES;
				GCC_WARN_UNUSED_VARIABLE = YES;
				IPHONEOS_DEPLOYMENT_TARGET = 17.2;
				LOCALIZATION_PREFERS_STRING_CATALOGS = YES;
				MTL_ENABLE_DEBUG_INFO = NO;
				MTL_FAST_MATH = YES;
				SDKROOT = iphoneos;
				SWIFT_COMPILATION_MODE = wholemodule;
				VALIDATE_PRODUCT = YES;
			};
			name = Release;
		};
		217519EE2B7104A000C06FB3 /* Debug */ = {
			isa = XCBuildConfiguration;
			buildSettings = {
				ASSETCATALOG_COMPILER_APPICON_NAME = AppIcon;
				ASSETCATALOG_COMPILER_GLOBAL_ACCENT_COLOR_NAME = AccentColor;
				CODE_SIGN_STYLE = Automatic;
				CURRENT_PROJECT_VERSION = 1;
				DEVELOPMENT_TEAM = DWTJAZB6HC;
				ENABLE_USER_SCRIPT_SANDBOXING = NO;
				GENERATE_INFOPLIST_FILE = YES;
				INFOPLIST_FILE = Tasks/Info.plist;
				INFOPLIST_KEY_UIApplicationSupportsIndirectInputEvents = YES;
				INFOPLIST_KEY_UILaunchStoryboardName = LaunchScreen;
				INFOPLIST_KEY_UISupportedInterfaceOrientations_iPad = "UIInterfaceOrientationPortrait UIInterfaceOrientationPortraitUpsideDown UIInterfaceOrientationLandscapeLeft UIInterfaceOrientationLandscapeRight";
				INFOPLIST_KEY_UISupportedInterfaceOrientations_iPhone = "UIInterfaceOrientationPortrait UIInterfaceOrientationLandscapeLeft UIInterfaceOrientationLandscapeRight";
				IPHONEOS_DEPLOYMENT_TARGET = 17.2;
				LD_RUNPATH_SEARCH_PATHS = (
					"$(inherited)",
					"@executable_path/Frameworks",
				);
				MARKETING_VERSION = 1.0;
				PRODUCT_BUNDLE_IDENTIFIER = com.VitaliiGorbunov.Tasks;
				PRODUCT_NAME = "$(TARGET_NAME)";
				SWIFT_EMIT_LOC_STRINGS = YES;
				SWIFT_VERSION = 5.0;
				TARGETED_DEVICE_FAMILY = "1,2";
			};
			name = Debug;
		};
		217519EF2B7104A000C06FB3 /* Release */ = {
			isa = XCBuildConfiguration;
			buildSettings = {
				ASSETCATALOG_COMPILER_APPICON_NAME = AppIcon;
				ASSETCATALOG_COMPILER_GLOBAL_ACCENT_COLOR_NAME = AccentColor;
				CODE_SIGN_STYLE = Automatic;
				CURRENT_PROJECT_VERSION = 1;
				DEVELOPMENT_TEAM = DWTJAZB6HC;
				ENABLE_USER_SCRIPT_SANDBOXING = NO;
				GENERATE_INFOPLIST_FILE = YES;
				INFOPLIST_FILE = Tasks/Info.plist;
				INFOPLIST_KEY_UIApplicationSupportsIndirectInputEvents = YES;
				INFOPLIST_KEY_UILaunchStoryboardName = LaunchScreen;
				INFOPLIST_KEY_UISupportedInterfaceOrientations_iPad = "UIInterfaceOrientationPortrait UIInterfaceOrientationPortraitUpsideDown UIInterfaceOrientationLandscapeLeft UIInterfaceOrientationLandscapeRight";
				INFOPLIST_KEY_UISupportedInterfaceOrientations_iPhone = "UIInterfaceOrientationPortrait UIInterfaceOrientationLandscapeLeft UIInterfaceOrientationLandscapeRight";
				IPHONEOS_DEPLOYMENT_TARGET = 17.2;
				LD_RUNPATH_SEARCH_PATHS = (
					"$(inherited)",
					"@executable_path/Frameworks",
				);
				MARKETING_VERSION = 1.0;
				PRODUCT_BUNDLE_IDENTIFIER = com.VitaliiGorbunov.Tasks;
				PRODUCT_NAME = "$(TARGET_NAME)";
				SWIFT_EMIT_LOC_STRINGS = YES;
				SWIFT_VERSION = 5.0;
				TARGETED_DEVICE_FAMILY = "1,2";
			};
			name = Release;
		};
/* End XCBuildConfiguration section */

/* Begin XCConfigurationList section */
		217519D42B71049E00C06FB3 /* Build configuration list for PBXProject "Tasks" */ = {
			isa = XCConfigurationList;
			buildConfigurations = (
				217519EB2B7104A000C06FB3 /* Debug */,
				217519EC2B7104A000C06FB3 /* Release */,
			);
			defaultConfigurationIsVisible = 0;
			defaultConfigurationName = Release;
		};
		217519ED2B7104A000C06FB3 /* Build configuration list for PBXNativeTarget "Tasks" */ = {
			isa = XCConfigurationList;
			buildConfigurations = (
				217519EE2B7104A000C06FB3 /* Debug */,
				217519EF2B7104A000C06FB3 /* Release */,
			);
			defaultConfigurationIsVisible = 0;
			defaultConfigurationName = Release;
		};
/* End XCConfigurationList section */
	};
	rootObject = 217519D12B71049E00C06FB3 /* Project object */;
}
